{
  "version": 4,
  "terraform_version": "1.7.0",
  "serial": 29,
  "lineage": "030dd622-401a-3bd1-b10a-a8ba3f97edd9",
  "outputs": {},
  "resources": [
    {
      "mode": "data",
      "type": "aws_ami",
      "name": "amazon_linux_2023",
      "provider": "provider[\"registry.opentofu.org/hashicorp/aws\"]",
      "instances": [
        {
          "schema_version": 0,
          "attributes": {
            "architecture": "x86_64",
            "arn": "arn:aws:ec2:us-east-2::image/ami-0c20d88b0021158c6",
            "block_device_mappings": [
              {
                "device_name": "/dev/xvda",
                "ebs": {
                  "delete_on_termination": "true",
                  "encrypted": "false",
                  "iops": "3000",
                  "snapshot_id": "snap-0eace5e2d9c74346a",
                  "throughput": "125",
                  "volume_size": "8",
                  "volume_type": "gp3"
                },
                "no_device": "",
                "virtual_name": ""
              }
            ],
            "boot_mode": "uefi-preferred",
            "creation_date": "2024-02-06T17:40:22.000Z",
            "deprecation_time": "2024-05-06T17:40:00.000Z",
            "description": "Amazon Linux 2023 AMI 2023.3.20240205.2 x86_64 HVM kernel-6.1",
            "ena_support": true,
            "executable_users": null,
            "filter": [
              {
                "name": "name",
                "values": [
                  "al2023-ami-2023.3.20240205.2-kernel-6.1-x86_64"
                ]
              },
              {
                "name": "virtualization-type",
                "values": [
                  "hvm"
                ]
              }
            ],
            "hypervisor": "xen",
            "id": "ami-0c20d88b0021158c6",
            "image_id": "ami-0c20d88b0021158c6",
            "image_location": "amazon/al2023-ami-2023.3.20240205.2-kernel-6.1-x86_64",
            "image_owner_alias": "amazon",
            "image_type": "machine",
            "imds_support": "v2.0",
            "include_deprecated": false,
            "kernel_id": "",
            "most_recent": true,
            "name": "al2023-ami-2023.3.20240205.2-kernel-6.1-x86_64",
            "name_regex": null,
            "owner_id": "137112412989",
            "owners": [
              "amazon"
            ],
            "platform": "",
            "platform_details": "Linux/UNIX",
            "product_codes": [],
            "public": true,
            "ramdisk_id": "",
            "root_device_name": "/dev/xvda",
            "root_device_type": "ebs",
            "root_snapshot_id": "snap-0eace5e2d9c74346a",
            "sriov_net_support": "simple",
            "state": "available",
            "state_reason": {
              "code": "UNSET",
              "message": "UNSET"
            },
            "tags": {},
            "timeouts": null,
            "tpm_support": "",
            "usage_operation": "RunInstances",
            "virtualization_type": "hvm"
          },
          "sensitive_attributes": []
        }
      ]
    },
    {
      "mode": "data",
      "type": "aws_ami",
      "name": "amazon_linux_eks",
      "provider": "provider[\"registry.opentofu.org/hashicorp/aws\"]",
      "instances": [
        {
          "schema_version": 0,
          "attributes": {
            "architecture": "x86_64",
            "arn": "arn:aws:ec2:us-east-2::image/ami-0c7abe316876d8858",
            "block_device_mappings": [
              {
                "device_name": "/dev/xvda",
                "ebs": {
                  "delete_on_termination": "true",
                  "encrypted": "false",
                  "iops": "3000",
                  "snapshot_id": "snap-07404cf73db067815",
                  "throughput": "125",
                  "volume_size": "20",
                  "volume_type": "gp3"
                },
                "no_device": "",
                "virtual_name": ""
              }
            ],
            "boot_mode": "uefi-preferred",
            "creation_date": "2024-02-28T09:12:00.000Z",
            "deprecation_time": "2026-02-28T09:12:00.000Z",
            "description": "EKS-optimized Kubernetes node based on Amazon Linux 2023, (k8s: 1.25.16, containerd: *)",
            "ena_support": true,
            "executable_users": null,
            "filter": [
              {
                "name": "name",
                "values": [
                  "amazon-eks-node-*"
                ]
              }
            ],
            "hypervisor": "xen",
            "id": "ami-0c7abe316876d8858",
            "image_id": "ami-0c7abe316876d8858",
            "image_location": "amazon/amazon-eks-node-al2023-x86_64-standard-1.25-v20240227",
            "image_owner_alias": "amazon",
            "image_type": "machine",
            "imds_support": "v2.0",
            "include_deprecated": false,
            "kernel_id": "",
            "most_recent": true,
            "name": "amazon-eks-node-al2023-x86_64-standard-1.25-v20240227",
            "name_regex": null,
            "owner_id": "602401143452",
            "owners": [
              "amazon"
            ],
            "platform": "",
            "platform_details": "Linux/UNIX",
            "product_codes": [],
            "public": true,
            "ramdisk_id": "",
            "root_device_name": "/dev/xvda",
            "root_device_type": "ebs",
            "root_snapshot_id": "snap-07404cf73db067815",
            "sriov_net_support": "simple",
            "state": "available",
            "state_reason": {
              "code": "UNSET",
              "message": "UNSET"
            },
            "tags": {},
            "timeouts": null,
            "tpm_support": "",
            "usage_operation": "RunInstances",
            "virtualization_type": "hvm"
          },
          "sensitive_attributes": []
        }
      ]
    },
    {
      "mode": "data",
      "type": "aws_caller_identity",
      "name": "current",
      "provider": "provider[\"registry.opentofu.org/hashicorp/aws\"]",
      "instances": [
        {
          "schema_version": 0,
          "attributes": {
            "account_id": "498692135370",
            "arn": "arn:aws:iam::498692135370:user/aliasgar",
            "id": "498692135370",
            "user_id": "AIDAXIHC6DHFCOHBFJLRV"
          },
          "sensitive_attributes": []
        }
      ]
    },
    {
      "mode": "data",
      "type": "aws_eks_cluster",
      "name": "main",
      "provider": "provider[\"registry.opentofu.org/hashicorp/aws\"]",
      "instances": [
        {
          "schema_version": 0,
          "attributes": {
            "access_config": [
              {
                "authentication_mode": "CONFIG_MAP"
              }
            ],
            "arn": "arn:aws:eks:us-east-2:498692135370:cluster/dell-eks",
            "certificate_authority": [
              {
                "data": "LS0tLS1CRUdJTiBDRVJUSUZJQ0FURS0tLS0tCk1JSURCVENDQWUyZ0F3SUJBZ0lJSFoyR21hNGdsUFF3RFFZSktvWklodmNOQVFFTEJRQXdGVEVUTUJFR0ExVUUKQXhNS2EzVmlaWEp1WlhSbGN6QWVGdzB5TkRBek1EVXdOalEyTWpKYUZ3MHpOREF6TURNd05qVXhNakphTUJVeApFekFSQmdOVkJBTVRDbXQxWW1WeWJtVjBaWE13Z2dFaU1BMEdDU3FHU0liM0RRRUJBUVVBQTRJQkR3QXdnZ0VLCkFvSUJBUUM0YUZnR3Z4RzllT2p4WHFUZkpVemcwbzJTMEtzSDBzN25CTXZlOGtvQXBKM3JOdXFsM1pRRmtoUE8KY3MrN2s4bzQyaXZzQWpLdElQc2ZKbnViOTdibkI2WWNoWHpXQmpvTkdxNTJ2b0dXT1BzOTRXRW8ydEhQOERPcQpPREV6MTJDQWhIQ1RZMVlvZkdxYlpvcFRYQjVIL0llald6ck1Id0cyMEQ3ZEZ3SDF3THpBYU50L0hOUWRHaThzCjdlRVdXRGNlK2lyUFNXUGJrWklJZkh3Wm9lNmVCR0ZST051c0pFcVZPNkFwck9GRnZUVk5IeTQ0VlRqM0pNeEsKVjdOakh4TFd5T2NyNGNOVXphY2tJeGh5bmpTOUh5QW5ST0R5V1RIeVZaNlNaSEtXUTQxQkc1aGtyWWxrdDNjQwovc0ZmZ2VMWE9hcXBuekpRNWZKME9ZSHhVbklIQWdNQkFBR2pXVEJYTUE0R0ExVWREd0VCL3dRRUF3SUNwREFQCkJnTlZIUk1CQWY4RUJUQURBUUgvTUIwR0ExVWREZ1FXQkJRVDZXeEVDYnZrM3VGTmFNQ2NPZ0ZpYTRmU0pEQVYKQmdOVkhSRUVEakFNZ2dwcmRXSmxjbTVsZEdWek1BMEdDU3FHU0liM0RRRUJDd1VBQTRJQkFRQkh0S0UzeVhPVgorRk9laGxwV1NERGRLSTMvSTVwWDc4bGREbHBpd0pyQk5DRUdiclM5YUFLaStIOE90cDZSVGlhZHh4WFFWa3ROCkJuRTVQODNFZ2NwRzhpdTQ5ekJLVDgyK0lHSUJGRG56YVBmcVZPaXp6SHBNQnFVa0RYSUlLZjdWSGF1anFCRUQKVE1aSVlSbWVIZ090R25OdE1wa0I4blpiY2VKNHdKZDRGbU5lS2hyYXE2Z0pCN2V0REliTFJaZDhNeHBPN294MQpHeVliZ0VOeDREOWxLZmhmYkpWQ1IrR1YwRktzVW9wQjNKYnp1T2k2K2tQK0hSTHdpcGcxdHRhRjR1dmNsWlQxCkxQaVlVRStJd1FMK3NZbG4rOWlTZS9lZzhZdkF5WWhybVFub1I2SEIxYW5lc29lSW9sTXgvWEtNUW9OS25BMG8KckxiQnFGcHFEOUlLCi0tLS0tRU5EIENFUlRJRklDQVRFLS0tLS0K"
              }
            ],
            "cluster_id": null,
            "created_at": "2024-03-05 06:46:58.309 +0000 UTC",
            "enabled_cluster_log_types": [],
            "endpoint": "https://E218E35AF974FF317BF2BE987C78C7D3.gr7.us-east-2.eks.amazonaws.com",
            "id": "dell-eks",
            "identity": [
              {
                "oidc": [
                  {
                    "issuer": "https://oidc.eks.us-east-2.amazonaws.com/id/E218E35AF974FF317BF2BE987C78C7D3"
                  }
                ]
              }
            ],
            "kubernetes_network_config": [
              {
                "ip_family": "ipv4",
                "service_ipv4_cidr": "10.100.0.0/16",
                "service_ipv6_cidr": ""
              }
            ],
            "name": "dell-eks",
            "outpost_config": [],
            "platform_version": "eks.3",
            "role_arn": "arn:aws:iam::498692135370:role/EKS-Cluster",
            "status": "ACTIVE",
            "tags": {},
            "version": "1.29",
            "vpc_config": [
              {
                "cluster_security_group_id": "sg-0d693506d59c6de85",
                "endpoint_private_access": false,
                "endpoint_public_access": true,
                "public_access_cidrs": [
                  "0.0.0.0/0"
                ],
                "security_group_ids": [
                  "sg-07752b21069dc457b"
                ],
                "subnet_ids": [
                  "subnet-074b6a6fe34d6d998",
                  "subnet-093125ffe9feabaed"
                ],
                "vpc_id": "vpc-03acbe524a4edef54"
              }
            ]
          },
          "sensitive_attributes": []
        }
      ]
    },
    {
      "mode": "data",
      "type": "aws_iam_policy_document",
      "name": "eks_readonly_policy",
      "provider": "provider[\"registry.opentofu.org/hashicorp/aws\"]",
      "instances": [
        {
          "schema_version": 0,
          "attributes": {
            "id": "66793757",
            "json": "{\n  \"Version\": \"2012-10-17\",\n  \"Statement\": [\n    {\n      \"Sid\": \"VisualEditor0\",\n      \"Effect\": \"Allow\",\n      \"Action\": [\n        \"eks:ListUpdates\",\n        \"eks:ListTagsForResource\",\n        \"eks:ListPodIdentityAssociations\",\n        \"eks:ListNodegroups\",\n        \"eks:ListInsights\",\n        \"eks:ListIdentityProviderConfigs\",\n        \"eks:ListFargateProfiles\",\n        \"eks:ListEksAnywhereSubscriptions\",\n        \"eks:ListClusters\",\n        \"eks:ListAssociatedAccessPolicies\",\n        \"eks:ListAddons\",\n        \"eks:ListAccessPolicies\",\n        \"eks:ListAccessEntries\",\n        \"eks:DescribeUpdate\",\n        \"eks:DescribePodIdentityAssociation\",\n        \"eks:DescribeNodegroup\",\n        \"eks:DescribeInsight\",\n        \"eks:DescribeIdentityProviderConfig\",\n        \"eks:DescribeFargateProfile\",\n        \"eks:DescribeEksAnywhereSubscription\",\n        \"eks:DescribeCluster\",\n        \"eks:DescribeAddonVersions\",\n        \"eks:DescribeAddonConfigurat\",\n        \"eks:DescribeAddon\",\n        \"eks:DescribeAccessEntry\",\n        \"eks:AccessKubernetesApi\"\n      ],\n      \"Resource\": \"*\"\n    }\n  ]\n}",
            "override_policy_documents": null,
            "policy_id": null,
            "source_policy_documents": null,
            "statement": [
              {
                "actions": [
                  "eks:AccessKubernetesApi",
                  "eks:DescribeAccessEntry",
                  "eks:DescribeAddon",
                  "eks:DescribeAddonConfigurat",
                  "eks:DescribeAddonVersions",
                  "eks:DescribeCluster",
                  "eks:DescribeEksAnywhereSubscription",
                  "eks:DescribeFargateProfile",
                  "eks:DescribeIdentityProviderConfig",
                  "eks:DescribeInsight",
                  "eks:DescribeNodegroup",
                  "eks:DescribePodIdentityAssociation",
                  "eks:DescribeUpdate",
                  "eks:ListAccessEntries",
                  "eks:ListAccessPolicies",
                  "eks:ListAddons",
                  "eks:ListAssociatedAccessPolicies",
                  "eks:ListClusters",
                  "eks:ListEksAnywhereSubscriptions",
                  "eks:ListFargateProfiles",
                  "eks:ListIdentityProviderConfigs",
                  "eks:ListInsights",
                  "eks:ListNodegroups",
                  "eks:ListPodIdentityAssociations",
                  "eks:ListTagsForResource",
                  "eks:ListUpdates"
                ],
                "condition": [],
                "effect": "Allow",
                "not_actions": [],
                "not_principals": [],
                "not_resources": [],
                "principals": [],
                "resources": [
                  "*"
                ],
                "sid": "VisualEditor0"
              }
            ],
            "version": "2012-10-17"
          },
          "sensitive_attributes": []
        }
      ]
    },
    {
      "mode": "managed",
      "type": "aws_eks_addon",
      "name": "coredns",
      "provider": "provider[\"registry.opentofu.org/hashicorp/aws\"]",
      "instances": [
        {
          "schema_version": 0,
          "attributes": {
            "addon_name": "coredns",
            "addon_version": "v1.11.1-eksbuild.4",
            "arn": "arn:aws:eks:us-east-2:498692135370:addon/dell-eks/coredns/8ac706b1-fce2-07fa-10a1-c8123c5fd6a2",
            "cluster_name": "dell-eks",
            "configuration_values": "",
            "created_at": "2024-03-05T06:53:59Z",
            "id": "dell-eks:coredns",
            "modified_at": "2024-03-05T07:09:05Z",
            "preserve": null,
            "resolve_conflicts": null,
            "resolve_conflicts_on_create": "OVERWRITE",
            "resolve_conflicts_on_update": null,
            "service_account_role_arn": "",
            "tags": {},
            "tags_all": {},
            "timeouts": null
          },
          "sensitive_attributes": [],
          "private": "eyJlMmJmYjczMC1lY2FhLTExZTYtOGY4OC0zNDM2M2JjN2M0YzAiOnsiY3JlYXRlIjoxMjAwMDAwMDAwMDAwLCJkZWxldGUiOjI0MDAwMDAwMDAwMDAsInVwZGF0ZSI6MTIwMDAwMDAwMDAwMH19",
          "dependencies": [
            "aws_eks_cluster.my_eks_cluster",
            "aws_iam_role.eks_cluster_role",
            "aws_security_group.arch-sg",
            "aws_subnet.arch-pub-sub-1",
            "aws_subnet.arch-pub-sub-2",
            "aws_vpc.arch-vpc"
          ]
        }
      ]
    },
    {
      "mode": "managed",
      "type": "aws_eks_addon",
      "name": "ebs-csi",
      "provider": "provider[\"registry.opentofu.org/hashicorp/aws\"]",
      "instances": [
        {
          "schema_version": 0,
          "attributes": {
            "addon_name": "aws-ebs-csi-driver",
            "addon_version": "v1.28.0-eksbuild.1",
            "arn": "arn:aws:eks:us-east-2:498692135370:addon/dell-eks/aws-ebs-csi-driver/ecc706b2-01e3-0350-8ee8-ae0c2e4b05e4",
            "cluster_name": "dell-eks",
            "configuration_values": "",
            "created_at": "2024-03-05T06:54:02Z",
            "id": "dell-eks:aws-ebs-csi-driver",
            "modified_at": "2024-03-05T07:09:07Z",
            "preserve": null,
            "resolve_conflicts": null,
            "resolve_conflicts_on_create": "OVERWRITE",
            "resolve_conflicts_on_update": null,
            "service_account_role_arn": "arn:aws:iam::498692135370:role/AmazonEKS_EBS_CSI_DriverRole",
            "tags": {},
            "tags_all": {},
            "timeouts": null
          },
          "sensitive_attributes": [],
          "private": "eyJlMmJmYjczMC1lY2FhLTExZTYtOGY4OC0zNDM2M2JjN2M0YzAiOnsiY3JlYXRlIjoxMjAwMDAwMDAwMDAwLCJkZWxldGUiOjI0MDAwMDAwMDAwMDAsInVwZGF0ZSI6MTIwMDAwMDAwMDAwMH19",
          "dependencies": [
            "aws_eks_cluster.my_eks_cluster",
            "aws_iam_role.ebs_csi_driver_role",
            "aws_iam_role.eks_cluster_role",
            "aws_security_group.arch-sg",
            "aws_subnet.arch-pub-sub-1",
            "aws_subnet.arch-pub-sub-2",
            "aws_vpc.arch-vpc",
            "data.aws_caller_identity.current",
            "data.aws_eks_cluster.main"
          ]
        }
      ]
    },
    {
      "mode": "managed",
      "type": "aws_eks_addon",
      "name": "eks-pod-identity-agent",
      "provider": "provider[\"registry.opentofu.org/hashicorp/aws\"]",
      "instances": [
        {
          "schema_version": 0,
          "attributes": {
            "addon_name": "eks-pod-identity-agent",
            "addon_version": "v1.2.0-eksbuild.1",
            "arn": "arn:aws:eks:us-east-2:498692135370:addon/dell-eks/eks-pod-identity-agent/4ec706b1-fcd7-6a24-c475-100f4a37e0d7",
            "cluster_name": "dell-eks",
            "configuration_values": "",
            "created_at": "2024-03-05T06:53:59Z",
            "id": "dell-eks:eks-pod-identity-agent",
            "modified_at": "2024-03-05T06:54:01Z",
            "preserve": null,
            "resolve_conflicts": null,
            "resolve_conflicts_on_create": "OVERWRITE",
            "resolve_conflicts_on_update": null,
            "service_account_role_arn": "",
            "tags": {},
            "tags_all": {},
            "timeouts": null
          },
          "sensitive_attributes": [],
          "private": "eyJlMmJmYjczMC1lY2FhLTExZTYtOGY4OC0zNDM2M2JjN2M0YzAiOnsiY3JlYXRlIjoxMjAwMDAwMDAwMDAwLCJkZWxldGUiOjI0MDAwMDAwMDAwMDAsInVwZGF0ZSI6MTIwMDAwMDAwMDAwMH19",
          "dependencies": [
            "aws_eks_cluster.my_eks_cluster",
            "aws_iam_role.eks_cluster_role",
            "aws_security_group.arch-sg",
            "aws_subnet.arch-pub-sub-1",
            "aws_subnet.arch-pub-sub-2",
            "aws_vpc.arch-vpc"
          ]
        }
      ]
    },
    {
      "mode": "managed",
      "type": "aws_eks_addon",
      "name": "kube-proxy",
      "provider": "provider[\"registry.opentofu.org/hashicorp/aws\"]",
      "instances": [
        {
          "schema_version": 0,
          "attributes": {
            "addon_name": "kube-proxy",
            "addon_version": "v1.29.0-eksbuild.1",
            "arn": "arn:aws:eks:us-east-2:498692135370:addon/dell-eks/kube-proxy/e2c706b1-fce2-b401-971e-04f44af0337d",
            "cluster_name": "dell-eks",
            "configuration_values": "",
            "created_at": "2024-03-05T06:53:59Z",
            "id": "dell-eks:kube-proxy",
            "modified_at": "2024-03-05T06:54:01Z",
            "preserve": null,
            "resolve_conflicts": null,
            "resolve_conflicts_on_create": "OVERWRITE",
            "resolve_conflicts_on_update": null,
            "service_account_role_arn": "",
            "tags": {},
            "tags_all": {},
            "timeouts": null
          },
          "sensitive_attributes": [],
          "private": "eyJlMmJmYjczMC1lY2FhLTExZTYtOGY4OC0zNDM2M2JjN2M0YzAiOnsiY3JlYXRlIjoxMjAwMDAwMDAwMDAwLCJkZWxldGUiOjI0MDAwMDAwMDAwMDAsInVwZGF0ZSI6MTIwMDAwMDAwMDAwMH19",
          "dependencies": [
            "aws_eks_cluster.my_eks_cluster",
            "aws_iam_role.eks_cluster_role",
            "aws_security_group.arch-sg",
            "aws_subnet.arch-pub-sub-1",
            "aws_subnet.arch-pub-sub-2",
            "aws_vpc.arch-vpc"
          ]
        }
      ]
    },
    {
      "mode": "managed",
      "type": "aws_eks_addon",
      "name": "vpc-cni",
      "provider": "provider[\"registry.opentofu.org/hashicorp/aws\"]",
      "instances": [
        {
          "schema_version": 0,
          "attributes": {
            "addon_name": "vpc-cni",
            "addon_version": "v1.16.0-eksbuild.1",
            "arn": "arn:aws:eks:us-east-2:498692135370:addon/dell-eks/vpc-cni/94c706b1-fcdb-120b-717d-a6e105c57456",
            "cluster_name": "dell-eks",
            "configuration_values": "",
            "created_at": "2024-03-05T06:53:59Z",
            "id": "dell-eks:vpc-cni",
            "modified_at": "2024-03-05T06:54:02Z",
            "preserve": null,
            "resolve_conflicts": null,
            "resolve_conflicts_on_create": "OVERWRITE",
            "resolve_conflicts_on_update": null,
            "service_account_role_arn": "",
            "tags": {},
            "tags_all": {},
            "timeouts": null
          },
          "sensitive_attributes": [],
          "private": "eyJlMmJmYjczMC1lY2FhLTExZTYtOGY4OC0zNDM2M2JjN2M0YzAiOnsiY3JlYXRlIjoxMjAwMDAwMDAwMDAwLCJkZWxldGUiOjI0MDAwMDAwMDAwMDAsInVwZGF0ZSI6MTIwMDAwMDAwMDAwMH19",
          "dependencies": [
            "aws_eks_cluster.my_eks_cluster",
            "aws_iam_role.eks_cluster_role",
            "aws_security_group.arch-sg",
            "aws_subnet.arch-pub-sub-1",
            "aws_subnet.arch-pub-sub-2",
            "aws_vpc.arch-vpc"
          ]
        }
      ]
    },
    {
      "mode": "managed",
      "type": "aws_eks_cluster",
      "name": "my_eks_cluster",
      "provider": "provider[\"registry.opentofu.org/hashicorp/aws\"]",
      "instances": [
        {
          "schema_version": 0,
          "attributes": {
            "access_config": [
              {
                "authentication_mode": "CONFIG_MAP",
                "bootstrap_cluster_creator_admin_permissions": false
              }
            ],
            "arn": "arn:aws:eks:us-east-2:498692135370:cluster/dell-eks",
            "certificate_authority": [
              {
                "data": "LS0tLS1CRUdJTiBDRVJUSUZJQ0FURS0tLS0tCk1JSURCVENDQWUyZ0F3SUJBZ0lJSFoyR21hNGdsUFF3RFFZSktvWklodmNOQVFFTEJRQXdGVEVUTUJFR0ExVUUKQXhNS2EzVmlaWEp1WlhSbGN6QWVGdzB5TkRBek1EVXdOalEyTWpKYUZ3MHpOREF6TURNd05qVXhNakphTUJVeApFekFSQmdOVkJBTVRDbXQxWW1WeWJtVjBaWE13Z2dFaU1BMEdDU3FHU0liM0RRRUJBUVVBQTRJQkR3QXdnZ0VLCkFvSUJBUUM0YUZnR3Z4RzllT2p4WHFUZkpVemcwbzJTMEtzSDBzN25CTXZlOGtvQXBKM3JOdXFsM1pRRmtoUE8KY3MrN2s4bzQyaXZzQWpLdElQc2ZKbnViOTdibkI2WWNoWHpXQmpvTkdxNTJ2b0dXT1BzOTRXRW8ydEhQOERPcQpPREV6MTJDQWhIQ1RZMVlvZkdxYlpvcFRYQjVIL0llald6ck1Id0cyMEQ3ZEZ3SDF3THpBYU50L0hOUWRHaThzCjdlRVdXRGNlK2lyUFNXUGJrWklJZkh3Wm9lNmVCR0ZST051c0pFcVZPNkFwck9GRnZUVk5IeTQ0VlRqM0pNeEsKVjdOakh4TFd5T2NyNGNOVXphY2tJeGh5bmpTOUh5QW5ST0R5V1RIeVZaNlNaSEtXUTQxQkc1aGtyWWxrdDNjQwovc0ZmZ2VMWE9hcXBuekpRNWZKME9ZSHhVbklIQWdNQkFBR2pXVEJYTUE0R0ExVWREd0VCL3dRRUF3SUNwREFQCkJnTlZIUk1CQWY4RUJUQURBUUgvTUIwR0ExVWREZ1FXQkJRVDZXeEVDYnZrM3VGTmFNQ2NPZ0ZpYTRmU0pEQVYKQmdOVkhSRUVEakFNZ2dwcmRXSmxjbTVsZEdWek1BMEdDU3FHU0liM0RRRUJDd1VBQTRJQkFRQkh0S0UzeVhPVgorRk9laGxwV1NERGRLSTMvSTVwWDc4bGREbHBpd0pyQk5DRUdiclM5YUFLaStIOE90cDZSVGlhZHh4WFFWa3ROCkJuRTVQODNFZ2NwRzhpdTQ5ekJLVDgyK0lHSUJGRG56YVBmcVZPaXp6SHBNQnFVa0RYSUlLZjdWSGF1anFCRUQKVE1aSVlSbWVIZ090R25OdE1wa0I4blpiY2VKNHdKZDRGbU5lS2hyYXE2Z0pCN2V0REliTFJaZDhNeHBPN294MQpHeVliZ0VOeDREOWxLZmhmYkpWQ1IrR1YwRktzVW9wQjNKYnp1T2k2K2tQK0hSTHdpcGcxdHRhRjR1dmNsWlQxCkxQaVlVRStJd1FMK3NZbG4rOWlTZS9lZzhZdkF5WWhybVFub1I2SEIxYW5lc29lSW9sTXgvWEtNUW9OS25BMG8KckxiQnFGcHFEOUlLCi0tLS0tRU5EIENFUlRJRklDQVRFLS0tLS0K"
              }
            ],
            "cluster_id": null,
            "created_at": "2024-03-05 06:46:58.309 +0000 UTC",
            "enabled_cluster_log_types": [],
            "encryption_config": [],
            "endpoint": "https://E218E35AF974FF317BF2BE987C78C7D3.gr7.us-east-2.eks.amazonaws.com",
            "id": "dell-eks",
            "identity": [
              {
                "oidc": [
                  {
                    "issuer": "https://oidc.eks.us-east-2.amazonaws.com/id/E218E35AF974FF317BF2BE987C78C7D3"
                  }
                ]
              }
            ],
            "kubernetes_network_config": [
              {
                "ip_family": "ipv4",
                "service_ipv4_cidr": "10.100.0.0/16",
                "service_ipv6_cidr": ""
              }
            ],
            "name": "dell-eks",
            "outpost_config": [],
            "platform_version": "eks.3",
            "role_arn": "arn:aws:iam::498692135370:role/EKS-Cluster",
            "status": "ACTIVE",
            "tags": {},
            "tags_all": {},
            "timeouts": null,
            "version": "1.29",
            "vpc_config": [
              {
                "cluster_security_group_id": "sg-0d693506d59c6de85",
                "endpoint_private_access": false,
                "endpoint_public_access": true,
                "public_access_cidrs": [
                  "0.0.0.0/0"
                ],
                "security_group_ids": [
                  "sg-07752b21069dc457b"
                ],
                "subnet_ids": [
                  "subnet-074b6a6fe34d6d998",
                  "subnet-093125ffe9feabaed"
                ],
                "vpc_id": "vpc-03acbe524a4edef54"
              }
            ]
          },
          "sensitive_attributes": [],
          "private": "eyJlMmJmYjczMC1lY2FhLTExZTYtOGY4OC0zNDM2M2JjN2M0YzAiOnsiY3JlYXRlIjoxODAwMDAwMDAwMDAwLCJkZWxldGUiOjkwMDAwMDAwMDAwMCwidXBkYXRlIjozNjAwMDAwMDAwMDAwfX0=",
          "dependencies": [
            "aws_iam_role.eks_cluster_role",
            "aws_security_group.arch-sg",
            "aws_subnet.arch-pub-sub-1",
            "aws_subnet.arch-pub-sub-2",
            "aws_vpc.arch-vpc"
          ]
        }
      ]
    },
    {
      "mode": "managed",
      "type": "aws_eks_node_group",
      "name": "my_nodegroup",
      "provider": "provider[\"registry.opentofu.org/hashicorp/aws\"]",
      "instances": [
        {
          "schema_version": 0,
          "attributes": {
            "ami_type": "AL2023_x86_64_STANDARD",
            "arn": "arn:aws:eks:us-east-2:498692135370:nodegroup/dell-eks/dell-ng-eks/b2c706b1-fcef-46c8-24f0-6c316ae0a51f",
            "capacity_type": "ON_DEMAND",
            "cluster_name": "dell-eks",
            "disk_size": 20,
            "force_update_version": null,
            "id": "dell-eks:dell-ng-eks",
            "instance_types": [
              "t3.medium"
            ],
            "labels": {
              "team": "production"
            },
            "launch_template": [],
            "node_group_name": "dell-ng-eks",
            "node_group_name_prefix": "",
            "node_role_arn": "arn:aws:iam::498692135370:role/EKS-Node",
            "release_version": "1.29.0-20240227",
            "remote_access": [],
            "resources": [
              {
                "autoscaling_groups": [
                  {
                    "name": "eks-dell-ng-eks-b2c706b1-fcef-46c8-24f0-6c316ae0a51f"
                  }
                ],
                "remote_access_security_group_id": ""
              }
            ],
            "scaling_config": [
              {
                "desired_size": 2,
                "max_size": 4,
                "min_size": 2
              }
            ],
            "status": "ACTIVE",
            "subnet_ids": [
              "subnet-074b6a6fe34d6d998",
              "subnet-093125ffe9feabaed"
            ],
            "tags": {},
            "tags_all": {},
            "taint": [],
            "timeouts": null,
            "update_config": [
              {
                "max_unavailable": 1,
                "max_unavailable_percentage": 0
              }
            ],
            "version": "1.29"
          },
          "sensitive_attributes": [],
          "private": "eyJlMmJmYjczMC1lY2FhLTExZTYtOGY4OC0zNDM2M2JjN2M0YzAiOnsiY3JlYXRlIjozNjAwMDAwMDAwMDAwLCJkZWxldGUiOjM2MDAwMDAwMDAwMDAsInVwZGF0ZSI6MzYwMDAwMDAwMDAwMH19",
          "dependencies": [
            "aws_eks_cluster.my_eks_cluster",
            "aws_iam_role.eks_cluster_role",
            "aws_iam_role.eks_node_role",
            "aws_security_group.arch-sg",
            "aws_subnet.arch-pub-sub-1",
            "aws_subnet.arch-pub-sub-2",
            "aws_vpc.arch-vpc"
          ]
        }
      ]
    },
    {
      "mode": "managed",
      "type": "aws_iam_instance_profile",
      "name": "bastion",
      "provider": "provider[\"registry.opentofu.org/hashicorp/aws\"]",
      "instances": [
        {
          "schema_version": 0,
          "attributes": {
            "arn": "arn:aws:iam::498692135370:instance-profile/bastion-profile-role",
            "create_date": "2024-03-05T07:10:04Z",
            "id": "bastion-profile-role",
            "name": "bastion-profile-role",
            "name_prefix": "",
            "path": "/",
            "role": "bastion-role",
            "tags": {},
            "tags_all": {},
            "unique_id": "AIPAXIHC6DHFJDW6FUHUS"
          },
          "sensitive_attributes": [],
          "private": "bnVsbA==",
          "dependencies": [
            "aws_iam_role.bastion_role"
          ]
        }
      ]
    },
    {
      "mode": "managed",
      "type": "aws_iam_policy",
      "name": "eks_readonly_policy",
      "provider": "provider[\"registry.opentofu.org/hashicorp/aws\"]",
      "instances": [
        {
          "schema_version": 0,
          "attributes": {
            "arn": "arn:aws:iam::498692135370:policy/eks-readonly-access",
            "description": "Provides read-only access to EKS resources",
            "id": "arn:aws:iam::498692135370:policy/eks-readonly-access",
            "name": "eks-readonly-access",
            "name_prefix": "",
            "path": "/",
            "policy": "{\"Statement\":[{\"Action\":[\"eks:ListUpdates\",\"eks:ListTagsForResource\",\"eks:ListPodIdentityAssociations\",\"eks:ListNodegroups\",\"eks:ListInsights\",\"eks:ListIdentityProviderConfigs\",\"eks:ListFargateProfiles\",\"eks:ListEksAnywhereSubscriptions\",\"eks:ListClusters\",\"eks:ListAssociatedAccessPolicies\",\"eks:ListAddons\",\"eks:ListAccessPolicies\",\"eks:ListAccessEntries\",\"eks:DescribeUpdate\",\"eks:DescribePodIdentityAssociation\",\"eks:DescribeNodegroup\",\"eks:DescribeInsight\",\"eks:DescribeIdentityProviderConfig\",\"eks:DescribeFargateProfile\",\"eks:DescribeEksAnywhereSubscription\",\"eks:DescribeCluster\",\"eks:DescribeAddonVersions\",\"eks:DescribeAddonConfigurat\",\"eks:DescribeAddon\",\"eks:DescribeAccessEntry\",\"eks:AccessKubernetesApi\"],\"Effect\":\"Allow\",\"Resource\":\"*\",\"Sid\":\"VisualEditor0\"}],\"Version\":\"2012-10-17\"}",
            "policy_id": "ANPAXIHC6DHFEW2FUEMQW",
            "tags": {},
            "tags_all": {}
          },
          "sensitive_attributes": [],
          "private": "bnVsbA==",
          "dependencies": [
            "data.aws_iam_policy_document.eks_readonly_policy"
          ]
        }
      ]
    },
    {
      "mode": "managed",
      "type": "aws_iam_role",
      "name": "bastion_role",
      "provider": "provider[\"registry.opentofu.org/hashicorp/aws\"]",
      "instances": [
        {
          "schema_version": 0,
          "attributes": {
            "arn": "arn:aws:iam::498692135370:role/bastion-role",
            "assume_role_policy": "{\"Statement\":[{\"Action\":\"sts:AssumeRole\",\"Effect\":\"Allow\",\"Principal\":{\"Service\":\"ec2.amazonaws.com\"}}],\"Version\":\"2012-10-17\"}",
            "create_date": "2024-03-05T07:10:02Z",
            "description": "",
            "force_detach_policies": false,
            "id": "bastion-role",
            "inline_policy": [],
            "managed_policy_arns": [
              "arn:aws:iam::498692135370:policy/eks-readonly-access",
              "arn:aws:iam::aws:policy/AmazonEC2FullAccess"
            ],
            "max_session_duration": 3600,
            "name": "bastion-role",
            "name_prefix": "",
            "path": "/",
            "permissions_boundary": "",
            "tags": {},
            "tags_all": {},
            "unique_id": "AROAXIHC6DHFFR3A7MVB2"
          },
          "sensitive_attributes": [],
          "private": "bnVsbA=="
        }
      ]
    },
    {
      "mode": "managed",
      "type": "aws_iam_role",
      "name": "ebs_csi_driver_role",
      "provider": "provider[\"registry.opentofu.org/hashicorp/aws\"]",
      "instances": [
        {
          "schema_version": 0,
          "attributes": {
            "arn": "arn:aws:iam::498692135370:role/AmazonEKS_EBS_CSI_DriverRole",
            "assume_role_policy": "{\"Statement\":[{\"Action\":\"sts:AssumeRoleWithWebIdentity\",\"Condition\":{\"StringEquals\":{\"https://oidc.eks.us-east-2.amazonaws.com/id/E218E35AF974FF317BF2BE987C78C7D3:aud\":\"sts.amazonaws.com\",\"https://oidc.eks.us-east-2.amazonaws.com/id/E218E35AF974FF317BF2BE987C78C7D3:sub\":\"system:serviceaccount:kube-system:ebs-csi-controller-sa\"}},\"Effect\":\"Allow\",\"Principal\":{\"Federated\":\"arn:aws:iam::498692135370:oidc-provider/https://oidc.eks.us-east-2.amazonaws.com/id/E218E35AF974FF317BF2BE987C78C7D3\"}}],\"Version\":\"2012-10-17\"}",
            "create_date": "2024-03-05T06:54:00Z",
            "description": "",
            "force_detach_policies": false,
            "id": "AmazonEKS_EBS_CSI_DriverRole",
            "inline_policy": [],
            "managed_policy_arns": [
              "arn:aws:iam::aws:policy/service-role/AmazonEBSCSIDriverPolicy"
            ],
            "max_session_duration": 3600,
            "name": "AmazonEKS_EBS_CSI_DriverRole",
            "name_prefix": "",
            "path": "/",
            "permissions_boundary": "",
            "tags": {},
            "tags_all": {},
            "unique_id": "AROAXIHC6DHFBKI4YVSS2"
          },
          "sensitive_attributes": [],
          "private": "bnVsbA==",
          "dependencies": [
            "aws_eks_cluster.my_eks_cluster",
            "aws_iam_role.eks_cluster_role",
            "aws_security_group.arch-sg",
            "aws_subnet.arch-pub-sub-1",
            "aws_subnet.arch-pub-sub-2",
            "aws_vpc.arch-vpc",
            "data.aws_caller_identity.current",
            "data.aws_eks_cluster.main"
          ]
        }
      ]
    },
    {
      "mode": "managed",
      "type": "aws_iam_role",
      "name": "eks_cluster_role",
      "provider": "provider[\"registry.opentofu.org/hashicorp/aws\"]",
      "instances": [
        {
          "schema_version": 0,
          "attributes": {
            "arn": "arn:aws:iam::498692135370:role/EKS-Cluster",
            "assume_role_policy": "{\"Statement\":[{\"Action\":\"sts:AssumeRole\",\"Effect\":\"Allow\",\"Principal\":{\"Service\":\"eks.amazonaws.com\"}}],\"Version\":\"2012-10-17\"}",
            "create_date": "2024-03-05T06:46:40Z",
            "description": "",
            "force_detach_policies": false,
            "id": "EKS-Cluster",
            "inline_policy": [],
            "managed_policy_arns": [
              "arn:aws:iam::aws:policy/AmazonEKSClusterPolicy",
              "arn:aws:iam::aws:policy/AmazonEKSServicePolicy"
            ],
            "max_session_duration": 3600,
            "name": "EKS-Cluster",
            "name_prefix": "",
            "path": "/",
            "permissions_boundary": "",
            "tags": {},
            "tags_all": {},
            "unique_id": "AROAXIHC6DHFOGUSJQCON"
          },
          "sensitive_attributes": [],
          "private": "bnVsbA=="
        }
      ]
    },
    {
      "mode": "managed",
      "type": "aws_iam_role",
      "name": "eks_node_role",
      "provider": "provider[\"registry.opentofu.org/hashicorp/aws\"]",
      "instances": [
        {
          "schema_version": 0,
          "attributes": {
            "arn": "arn:aws:iam::498692135370:role/EKS-Node",
            "assume_role_policy": "{\"Statement\":[{\"Action\":\"sts:AssumeRole\",\"Effect\":\"Allow\",\"Principal\":{\"Service\":\"ec2.amazonaws.com\"}}],\"Version\":\"2012-10-17\"}",
            "create_date": "2024-03-05T06:46:40Z",
            "description": "",
            "force_detach_policies": false,
            "id": "EKS-Node",
            "inline_policy": [],
            "managed_policy_arns": [
              "arn:aws:iam::aws:policy/AmazonEC2ContainerRegistryReadOnly",
              "arn:aws:iam::aws:policy/AmazonEKSWorkerNodePolicy",
              "arn:aws:iam::aws:policy/AmazonEKS_CNI_Policy"
            ],
            "max_session_duration": 3600,
            "name": "EKS-Node",
            "name_prefix": "",
            "path": "/",
            "permissions_boundary": "",
            "tags": {},
            "tags_all": {},
            "unique_id": "AROAXIHC6DHFEM56TYKKJ"
          },
          "sensitive_attributes": [],
          "private": "bnVsbA=="
        }
      ]
    },
    {
      "mode": "managed",
      "type": "aws_iam_role_policy_attachment",
      "name": "ansible_role_attachment",
      "provider": "provider[\"registry.opentofu.org/hashicorp/aws\"]",
      "instances": [
        {
          "schema_version": 0,
          "attributes": {
            "id": "bastion-role-20240305071004187300000002",
            "policy_arn": "arn:aws:iam::aws:policy/AmazonEC2FullAccess",
            "role": "bastion-role"
          },
          "sensitive_attributes": [],
          "private": "bnVsbA==",
          "dependencies": [
            "aws_iam_role.bastion_role"
          ]
        }
      ]
    },
    {
      "mode": "managed",
      "type": "aws_iam_role_policy_attachment",
      "name": "eks_readonly_attachment",
      "provider": "provider[\"registry.opentofu.org/hashicorp/aws\"]",
      "instances": [
        {
          "schema_version": 0,
          "attributes": {
            "id": "bastion-role-20240305071003894900000001",
            "policy_arn": "arn:aws:iam::498692135370:policy/eks-readonly-access",
            "role": "bastion-role"
          },
          "sensitive_attributes": [],
          "private": "bnVsbA==",
          "dependencies": [
            "aws_iam_policy.eks_readonly_policy",
            "aws_iam_role.bastion_role",
            "data.aws_iam_policy_document.eks_readonly_policy"
          ]
        }
      ]
    },
    {
      "mode": "managed",
      "type": "aws_instance",
      "name": "jump-ec2",
      "provider": "provider[\"registry.opentofu.org/hashicorp/aws\"]",
      "instances": [
        {
          "schema_version": 1,
          "attributes": {
            "ami": "ami-0c20d88b0021158c6",
            "arn": "arn:aws:ec2:us-east-2:498692135370:instance/i-050576c3bc3427aa4",
            "associate_public_ip_address": true,
            "availability_zone": "us-east-2a",
            "capacity_reservation_specification": [
              {
                "capacity_reservation_preference": "open",
                "capacity_reservation_target": []
              }
            ],
            "cpu_core_count": 1,
            "cpu_options": [
              {
                "amd_sev_snp": "",
                "core_count": 1,
                "threads_per_core": 1
              }
            ],
            "cpu_threads_per_core": 1,
            "credit_specification": [
              {
                "cpu_credits": "standard"
              }
            ],
            "disable_api_stop": false,
            "disable_api_termination": false,
            "ebs_block_device": [],
            "ebs_optimized": false,
            "enclave_options": [
              {
                "enabled": false
              }
            ],
            "ephemeral_block_device": [],
            "get_password_data": false,
            "hibernation": false,
            "host_id": "",
            "host_resource_group_arn": null,
            "iam_instance_profile": "bastion-profile-role",
            "id": "i-050576c3bc3427aa4",
            "instance_initiated_shutdown_behavior": "stop",
            "instance_lifecycle": "",
            "instance_market_options": [],
            "instance_state": "running",
            "instance_type": "t2.micro",
            "ipv6_address_count": 0,
            "ipv6_addresses": [],
            "key_name": "terra-keypair",
            "launch_template": [],
            "maintenance_options": [
              {
                "auto_recovery": "default"
              }
            ],
            "metadata_options": [
              {
                "http_endpoint": "enabled",
                "http_protocol_ipv6": "disabled",
                "http_put_response_hop_limit": 2,
                "http_tokens": "required",
                "instance_metadata_tags": "disabled"
              }
            ],
            "monitoring": false,
            "network_interface": [],
            "outpost_arn": "",
            "password_data": "",
            "placement_group": "",
            "placement_partition_number": 0,
            "primary_network_interface_id": "eni-07c9809c57f21b0ba",
            "private_dns": "ip-69-69-1-36.us-east-2.compute.internal",
            "private_dns_name_options": [
              {
                "enable_resource_name_dns_a_record": false,
                "enable_resource_name_dns_aaaa_record": false,
                "hostname_type": "ip-name"
              }
            ],
            "private_ip": "69.69.1.36",
            "public_dns": "",
            "public_ip": "3.15.137.163",
            "root_block_device": [
              {
                "delete_on_termination": true,
                "device_name": "/dev/xvda",
                "encrypted": false,
                "iops": 3000,
                "kms_key_id": "",
                "tags": {},
                "tags_all": {},
                "throughput": 125,
                "volume_id": "vol-0314f0511d6dd9c50",
                "volume_size": 8,
                "volume_type": "gp3"
              }
            ],
            "secondary_private_ips": [],
            "security_groups": [
              "sg-07752b21069dc457b"
            ],
            "source_dest_check": true,
            "spot_instance_request_id": "",
            "subnet_id": "subnet-074b6a6fe34d6d998",
            "tags": {
              "Name": "Bastion-Host"
            },
            "tags_all": {
              "Name": "Bastion-Host"
            },
            "tenancy": "default",
            "timeouts": null,
            "user_data": "599a74be0018c904104abe1f084cd0498cc8f4ca",
            "user_data_base64": null,
            "user_data_replace_on_change": false,
            "volume_tags": null,
            "vpc_security_group_ids": [
              "sg-07752b21069dc457b"
            ]
          },
          "sensitive_attributes": [],
          "private": "eyJlMmJmYjczMC1lY2FhLTExZTYtOGY4OC0zNDM2M2JjN2M0YzAiOnsiY3JlYXRlIjo2MDAwMDAwMDAwMDAsImRlbGV0ZSI6MTIwMDAwMDAwMDAwMCwicmVhZCI6OTAwMDAwMDAwMDAwLCJ1cGRhdGUiOjYwMDAwMDAwMDAwMH0sInNjaGVtYV92ZXJzaW9uIjoiMSJ9",
          "dependencies": [
            "aws_eks_cluster.my_eks_cluster",
            "aws_iam_instance_profile.bastion",
            "aws_iam_role.bastion_role",
            "aws_iam_role.eks_cluster_role",
            "aws_key_pair.terra-keypair",
            "aws_security_group.arch-sg",
            "aws_subnet.arch-pub-sub-1",
            "aws_subnet.arch-pub-sub-2",
            "aws_vpc.arch-vpc",
            "data.aws_ami.amazon_linux_2023",
            "local_file.private_key_pem",
            "tls_private_key.pri-terra-key"
          ]
        }
      ]
    },
    {
      "mode": "managed",
      "type": "aws_internet_gateway",
      "name": "arch-igw",
      "provider": "provider[\"registry.opentofu.org/hashicorp/aws\"]",
      "instances": [
        {
          "schema_version": 0,
          "attributes": {
            "arn": "arn:aws:ec2:us-east-2:498692135370:internet-gateway/igw-04ae634c40ede9a9d",
            "id": "igw-04ae634c40ede9a9d",
            "owner_id": "498692135370",
            "tags": {
              "Name": "dellhoak-igw"
            },
            "tags_all": {
              "Name": "dellhoak-igw"
            },
            "timeouts": null,
            "vpc_id": "vpc-03acbe524a4edef54"
          },
          "sensitive_attributes": [],
          "private": "eyJlMmJmYjczMC1lY2FhLTExZTYtOGY4OC0zNDM2M2JjN2M0YzAiOnsiY3JlYXRlIjoxMjAwMDAwMDAwMDAwLCJkZWxldGUiOjEyMDAwMDAwMDAwMDAsInVwZGF0ZSI6MTIwMDAwMDAwMDAwMH19",
          "dependencies": [
            "aws_vpc.arch-vpc"
          ]
        }
      ]
    },
    {
      "mode": "managed",
      "type": "aws_key_pair",
      "name": "terra-keypair",
      "provider": "provider[\"registry.opentofu.org/hashicorp/aws\"]",
      "instances": [
        {
          "schema_version": 1,
          "attributes": {
            "arn": "arn:aws:ec2:us-east-2:498692135370:key-pair/terra-keypair",
            "fingerprint": "99:82:b5:09:b7:73:8f:a1:c7:1f:6b:5f:04:07:eb:34",
            "id": "terra-keypair",
            "key_name": "terra-keypair",
            "key_name_prefix": "",
            "key_pair_id": "key-056ec7f8f2b9c51ec",
            "key_type": "rsa",
            "public_key": "ssh-rsa AAAAB3NzaC1yc2EAAAADAQABAAACAQDHGk+CJJTsBwu9sq7FUH19I4/SeCysc/lY6tymfgaljYvXnRkbzdMzPuyB/EcWP7ru3H81Utf/e3DxeAqchNpQ7pSgAxbXiOmDDQMdV4LIf3HGlgUODM1brRnEjbLQepv3ErDO2HidCj9KpLQEZu8WsfuN1Qe7YhWD745Ca++3Q6UVgirFVzCW6DdYPJIy4fERgaePeNGt9JppCw4XFd8Y38lhG3oZ6EaaArpYnw6YhcJBl7wAkmSsL6kNjCQTqGckEclJlkprrZkaHc3tOq7vYR8OC1t0pS1QRmUmc5wGYoZ2a1JmDhKVwd1i1ezgPbL8DoAD1Y7Um7BsL3z/EsX38+zJNxfWmmadt/VzTAO8cNpqbqKAH5ly5/4JueuvwExaBThlva3DR/Kt+C9LzPv3drV1DR2rEod+1LHKK6muc3N8Vf504j5UF128vhQkwxF438bwwbR/NuOUo2s/g52OkjuXc2zZF57i0I5EaERbcIMr4XUzJlRVtXMjGLZQtY+x0luavP7Zrl8q00rQqeGWL9AaPuspgTEb0XjnRyjp8LA1Un0Pm46mpenzIn1hwEvkj/KURJurOYcieSrhYXRHJqDCR1PXUKhFDrX0vEGtSyRVKquI7qLvVUzNcuy5tM0YI8ob5gyG84AqFYy1YhEJj8qyibbZUIifrBBNNnBziQ==",
            "tags": {},
            "tags_all": {}
          },
          "sensitive_attributes": [],
          "private": "eyJzY2hlbWFfdmVyc2lvbiI6IjEifQ==",
          "dependencies": [
            "tls_private_key.pri-terra-key"
          ]
        }
      ]
    },
    {
      "mode": "managed",
      "type": "aws_route_table",
      "name": "public_route",
      "provider": "provider[\"registry.opentofu.org/hashicorp/aws\"]",
      "instances": [
        {
          "schema_version": 0,
          "attributes": {
            "arn": "arn:aws:ec2:us-east-2:498692135370:route-table/rtb-02662d6755532d66e",
            "id": "rtb-02662d6755532d66e",
            "owner_id": "498692135370",
            "propagating_vgws": [],
            "route": [
              {
                "carrier_gateway_id": "",
                "cidr_block": "0.0.0.0/0",
                "core_network_arn": "",
                "destination_prefix_list_id": "",
                "egress_only_gateway_id": "",
                "gateway_id": "igw-04ae634c40ede9a9d",
                "ipv6_cidr_block": "",
                "local_gateway_id": "",
                "nat_gateway_id": "",
                "network_interface_id": "",
                "transit_gateway_id": "",
                "vpc_endpoint_id": "",
                "vpc_peering_connection_id": ""
              }
            ],
            "tags": {
              "Name": "dellhoak-MRT"
            },
            "tags_all": {
              "Name": "dellhoak-MRT"
            },
            "timeouts": null,
            "vpc_id": "vpc-03acbe524a4edef54"
          },
          "sensitive_attributes": [],
          "private": "eyJlMmJmYjczMC1lY2FhLTExZTYtOGY4OC0zNDM2M2JjN2M0YzAiOnsiY3JlYXRlIjozMDAwMDAwMDAwMDAsImRlbGV0ZSI6MzAwMDAwMDAwMDAwLCJ1cGRhdGUiOjEyMDAwMDAwMDAwMH19",
          "dependencies": [
            "aws_internet_gateway.arch-igw",
            "aws_vpc.arch-vpc"
          ]
        }
      ]
    },
    {
      "mode": "managed",
      "type": "aws_route_table_association",
      "name": "public_route_association-1",
      "provider": "provider[\"registry.opentofu.org/hashicorp/aws\"]",
      "instances": [
        {
          "schema_version": 0,
          "attributes": {
            "gateway_id": "",
            "id": "rtbassoc-06206226ac26cee53",
            "route_table_id": "rtb-02662d6755532d66e",
            "subnet_id": "subnet-074b6a6fe34d6d998",
            "timeouts": null
          },
          "sensitive_attributes": [],
          "private": "eyJlMmJmYjczMC1lY2FhLTExZTYtOGY4OC0zNDM2M2JjN2M0YzAiOnsiY3JlYXRlIjozMDAwMDAwMDAwMDAsImRlbGV0ZSI6MzAwMDAwMDAwMDAwLCJ1cGRhdGUiOjEyMDAwMDAwMDAwMH19",
          "dependencies": [
            "aws_internet_gateway.arch-igw",
            "aws_route_table.public_route",
            "aws_subnet.arch-pub-sub-1",
            "aws_vpc.arch-vpc"
          ]
        }
      ]
    },
    {
      "mode": "managed",
      "type": "aws_route_table_association",
      "name": "public_route_association-2",
      "provider": "provider[\"registry.opentofu.org/hashicorp/aws\"]",
      "instances": [
        {
          "schema_version": 0,
          "attributes": {
            "gateway_id": "",
            "id": "rtbassoc-06eea23da6b4bfc4f",
            "route_table_id": "rtb-02662d6755532d66e",
            "subnet_id": "subnet-093125ffe9feabaed",
            "timeouts": null
          },
          "sensitive_attributes": [],
          "private": "eyJlMmJmYjczMC1lY2FhLTExZTYtOGY4OC0zNDM2M2JjN2M0YzAiOnsiY3JlYXRlIjozMDAwMDAwMDAwMDAsImRlbGV0ZSI6MzAwMDAwMDAwMDAwLCJ1cGRhdGUiOjEyMDAwMDAwMDAwMH19",
          "dependencies": [
            "aws_internet_gateway.arch-igw",
            "aws_route_table.public_route",
            "aws_subnet.arch-pub-sub-2",
            "aws_vpc.arch-vpc"
          ]
        }
      ]
    },
    {
      "mode": "managed",
      "type": "aws_security_group",
      "name": "arch-sg",
      "provider": "provider[\"registry.opentofu.org/hashicorp/aws\"]",
      "instances": [
        {
          "schema_version": 1,
          "attributes": {
            "arn": "arn:aws:ec2:us-east-2:498692135370:security-group/sg-07752b21069dc457b",
            "description": "Allow ALL inbound traffic",
            "egress": [
              {
                "cidr_blocks": [
                  "0.0.0.0/0"
                ],
                "description": "",
                "from_port": 0,
                "ipv6_cidr_blocks": [
                  "::/0"
                ],
                "prefix_list_ids": [],
                "protocol": "-1",
                "security_groups": [],
                "self": false,
                "to_port": 0
              }
            ],
            "id": "sg-07752b21069dc457b",
            "ingress": [
              {
                "cidr_blocks": [
                  "0.0.0.0/0"
                ],
                "description": "TLS from VPC",
                "from_port": 0,
                "ipv6_cidr_blocks": [
                  "::/0"
                ],
                "prefix_list_ids": [],
                "protocol": "-1",
                "security_groups": [],
                "self": false,
                "to_port": 0
              }
            ],
            "name": "arch-sg",
            "name_prefix": "",
            "owner_id": "498692135370",
            "revoke_rules_on_delete": false,
            "tags": {
              "Name": "dellhoak-sg"
            },
            "tags_all": {
              "Name": "dellhoak-sg"
            },
            "timeouts": null,
            "vpc_id": "vpc-03acbe524a4edef54"
          },
          "sensitive_attributes": [],
          "private": "eyJlMmJmYjczMC1lY2FhLTExZTYtOGY4OC0zNDM2M2JjN2M0YzAiOnsiY3JlYXRlIjo2MDAwMDAwMDAwMDAsImRlbGV0ZSI6OTAwMDAwMDAwMDAwfSwic2NoZW1hX3ZlcnNpb24iOiIxIn0=",
          "dependencies": [
            "aws_vpc.arch-vpc"
          ]
        }
      ]
    },
    {
      "mode": "managed",
      "type": "aws_subnet",
      "name": "arch-pub-sub-1",
      "provider": "provider[\"registry.opentofu.org/hashicorp/aws\"]",
      "instances": [
        {
          "schema_version": 1,
          "attributes": {
            "arn": "arn:aws:ec2:us-east-2:498692135370:subnet/subnet-074b6a6fe34d6d998",
            "assign_ipv6_address_on_creation": false,
            "availability_zone": "us-east-2a",
            "availability_zone_id": "use2-az1",
            "cidr_block": "69.69.1.0/24",
            "customer_owned_ipv4_pool": "",
            "enable_dns64": false,
            "enable_lni_at_device_index": 0,
            "enable_resource_name_dns_a_record_on_launch": false,
            "enable_resource_name_dns_aaaa_record_on_launch": false,
            "id": "subnet-074b6a6fe34d6d998",
            "ipv6_cidr_block": "",
            "ipv6_cidr_block_association_id": "",
            "ipv6_native": false,
            "map_customer_owned_ip_on_launch": false,
            "map_public_ip_on_launch": true,
            "outpost_arn": "",
            "owner_id": "498692135370",
            "private_dns_hostname_type_on_launch": "ip-name",
            "tags": {
              "Name": "dellhoak-pub-sub-1"
            },
            "tags_all": {
              "Name": "dellhoak-pub-sub-1"
            },
            "timeouts": null,
            "vpc_id": "vpc-03acbe524a4edef54"
          },
          "sensitive_attributes": [],
          "private": "eyJlMmJmYjczMC1lY2FhLTExZTYtOGY4OC0zNDM2M2JjN2M0YzAiOnsiY3JlYXRlIjo2MDAwMDAwMDAwMDAsImRlbGV0ZSI6MTIwMDAwMDAwMDAwMH0sInNjaGVtYV92ZXJzaW9uIjoiMSJ9",
          "dependencies": [
            "aws_vpc.arch-vpc"
          ]
        }
      ]
    },
    {
      "mode": "managed",
      "type": "aws_subnet",
      "name": "arch-pub-sub-2",
      "provider": "provider[\"registry.opentofu.org/hashicorp/aws\"]",
      "instances": [
        {
          "schema_version": 1,
          "attributes": {
            "arn": "arn:aws:ec2:us-east-2:498692135370:subnet/subnet-093125ffe9feabaed",
            "assign_ipv6_address_on_creation": false,
            "availability_zone": "us-east-2b",
            "availability_zone_id": "use2-az2",
            "cidr_block": "69.69.2.0/24",
            "customer_owned_ipv4_pool": "",
            "enable_dns64": false,
            "enable_lni_at_device_index": 0,
            "enable_resource_name_dns_a_record_on_launch": false,
            "enable_resource_name_dns_aaaa_record_on_launch": false,
            "id": "subnet-093125ffe9feabaed",
            "ipv6_cidr_block": "",
            "ipv6_cidr_block_association_id": "",
            "ipv6_native": false,
            "map_customer_owned_ip_on_launch": false,
            "map_public_ip_on_launch": true,
            "outpost_arn": "",
            "owner_id": "498692135370",
            "private_dns_hostname_type_on_launch": "ip-name",
            "tags": {
              "Name": "dellhoak-pub-sub-2"
            },
            "tags_all": {
              "Name": "dellhoak-pub-sub-2"
            },
            "timeouts": null,
            "vpc_id": "vpc-03acbe524a4edef54"
          },
          "sensitive_attributes": [],
          "private": "eyJlMmJmYjczMC1lY2FhLTExZTYtOGY4OC0zNDM2M2JjN2M0YzAiOnsiY3JlYXRlIjo2MDAwMDAwMDAwMDAsImRlbGV0ZSI6MTIwMDAwMDAwMDAwMH0sInNjaGVtYV92ZXJzaW9uIjoiMSJ9",
          "dependencies": [
            "aws_vpc.arch-vpc"
          ]
        }
      ]
    },
    {
      "mode": "managed",
      "type": "aws_vpc",
      "name": "arch-vpc",
      "provider": "provider[\"registry.opentofu.org/hashicorp/aws\"]",
      "instances": [
        {
          "schema_version": 1,
          "attributes": {
            "arn": "arn:aws:ec2:us-east-2:498692135370:vpc/vpc-03acbe524a4edef54",
            "assign_generated_ipv6_cidr_block": false,
            "cidr_block": "69.69.0.0/16",
            "default_network_acl_id": "acl-0fdde0be85d006611",
            "default_route_table_id": "rtb-0fb0d381a31f50f72",
            "default_security_group_id": "sg-0b04fa0715b773b9a",
            "dhcp_options_id": "dopt-01e9e4b5c9482d1d7",
            "enable_dns_hostnames": false,
            "enable_dns_support": true,
            "enable_network_address_usage_metrics": false,
            "id": "vpc-03acbe524a4edef54",
            "instance_tenancy": "default",
            "ipv4_ipam_pool_id": null,
            "ipv4_netmask_length": null,
            "ipv6_association_id": "",
            "ipv6_cidr_block": "",
            "ipv6_cidr_block_network_border_group": "",
            "ipv6_ipam_pool_id": "",
            "ipv6_netmask_length": 0,
            "main_route_table_id": "rtb-0fb0d381a31f50f72",
            "owner_id": "498692135370",
            "tags": {
              "Name": "dellhoak-vpc"
            },
            "tags_all": {
              "Name": "dellhoak-vpc"
            }
          },
          "sensitive_attributes": [],
          "private": "eyJzY2hlbWFfdmVyc2lvbiI6IjEifQ=="
        }
      ]
    },
    {
      "mode": "managed",
      "type": "local_file",
      "name": "private_key_pem",
      "provider": "provider[\"registry.opentofu.org/hashicorp/local\"]",
      "instances": [
        {
          "schema_version": 0,
          "attributes": {
            "content": "-----BEGIN RSA PRIVATE KEY-----\nMIIJKAIBAAKCAgEAxxpPgiSU7AcLvbKuxVB9fSOP0ngsrHP5WOrcpn4GpY2L150Z\nG83TMz7sgfxHFj+67tx/NVLX/3tw8XgKnITaUO6UoAMW14jpgw0DHVeCyH9xxpYF\nDgzNW60ZxI2y0Hqb9xKwzth4nQo/SqS0BGbvFrH7jdUHu2IVg++OQmvvt0OlFYIq\nxVcwlug3WDySMuHxEYGnj3jRrfSaaQsOFxXfGN/JYRt6GehGmgK6WJ8OmIXCQZe8\nAJJkrC+pDYwkE6hnJBHJSZZKa62ZGh3N7Tqu72EfDgtbdKUtUEZlJnOcBmKGdmtS\nZg4SlcHdYtXs4D2y/A6AA9WO1JuwbC98/xLF9/PsyTcX1ppmnbf1c0wDvHDaam6i\ngB+Zcuf+Cbnrr8BMWgU4Zb2tw0fyrfgvS8z793a1dQ0dqxKHftSxyiuprnNzfFX+\ndOI+VBddvL4UJMMReN/G8MG0fzbjlKNrP4OdjpI7l3Ns2Ree4tCORGhEW3CDK+F1\nMyZUVbVzIxi2ULWPsdJbmrz+2a5fKtNK0Knhli/QGj7rKYExG9F450co6fCwNVJ9\nD5uOpqXp8yJ9YcBL5I/ylESbqzmHInkq4WF0RyagwkdT11CoRQ619LxBrUskVSqr\niO6i71VMzXLsubTNGCPKG+YMhvOAKhWMtWIRCY/Ksom22VCIn6wQTTZwc4kCAwEA\nAQKCAgBGgmnP0/atU51z05iTJfsa2wIu7gIcHIIcXChCCfV+oY75j5f5wb1es5T8\nP4RJO86OkqW2E52My4Fm8jUH0wChkqwtsopfUAwqLeyBcqFNMdzwD+bAYAZFxhqP\nAgNmU1VyfTsCNaUZMCzT2VorCOz445ULWHsBgC3QaIC/wwvEof8Pi+ZrtoHtn1Ui\nOWko/dzqbzkQ1R+kdDBOrOyTflpgq7fcXOezzw9ZsUee5M09dHkj04Fvzmg6ljJP\nKucH0yabnnTjS4cVdQf4OL/ZmGOlQIbH6Xu85lYSzKs7n8uMc03dGAq5O5iXUm19\nd/cIPrFpFBV/xhxr7Krg1Tx19IcItO5ZikVoL7t++XsZPpKwxyhV8jDGunFN46ln\nHifiJ7iXstM1EFNzdqnB0qj5GAfKgbsyzFkH+TqIZbXaDNdbxzm2CFR06otPUv+M\n077N0Kfy5bRJ/8N6UQEF3Wyuscktv4gcQuNj4fTanND3tkegdrezAB/z4ibm8He8\nx2bpTm+Av0XhpNWjFDq0XBTSxYD7ue/gvIpdtXRy7xvf9sQyLlaj6CH6iW5LEYVe\ngcoEYTgR1pFWgrSz8yiTowj/AX3Tw50fWJbRJoUA89lMD7O+EyzviGfcZVIAgei8\nO5tPhsB/u86r3g9WcF4EkHQgz9s9jUqPdXe8lnq8hjMg089GAQKCAQEAz3jL86Om\n6c5SBDa5OD6pSc2TnHyf1rbo2RQcqVF8OW5K+GpTOKWNPN5CIxb8poJP6WK0WH6I\nRFS9/2dLJUNuQBCq9NvwaJ3EtnFwccdTiFhSM/+xWvjgrI0fsCHx/vBWqY4jbldB\nZh3Hy/DIaWJmLJfJdLMRFkIrO03wfoU1OrBuDSVdxJWRUTLi0/DmQVaKQk9RILQl\n4PN999scZg9FyMe0+bPGYhHv4GPTeGFsogcJhpzCIf3f2oITlcUeZAmolWUHZceI\n5mQsf2BP22jm/g2lUFogqkV2GxTGUj0w8NMIIa3hkL5knfyR1GVWsLhMbzYY9xMW\nHUH+0+7tup1UyQKCAQEA9axhrPVVek7IWs7Ejz4dzGFwjddJbBT6DFzRroWSRQUX\nDafEAwZAA2lN5yGwBHs8pw9aNPW919gWz5i/QdvWQp0CqXRZDJdUSVHdt40BxKtp\nj96t2J1Oss3FoZ+rAU7tI2o59PZHw8MgRaSSKeK7ppgIRuRkjTupGYvdNHazOsy+\nNUWVBD5apHl/SIBkAHFazjyfYAfvO6phkysnoA2kFXTm8PXRkHv4K/TjgQbmIvlR\n9QQCSuhJAbhx0owio3HoVRvi4TciSmMTFy4GSTpOXuFWSKYWnpZ6wvf5UGhJ51mz\nOAKp1ywtelEZZucMwrUlM9DfJqmyNh48U6Ou+qNIwQKCAQB6Uf71K2RqbsE+SMFV\nHuSSZckEtxlJ71dDPS9UyH0UIynCYnWkbT7jRyr5I0FcLnJM6GvpzNgsaUYHwe+1\nDZd/4BPa/50zIOlso18nRdzDA0eb7sGzIA7ezOmE386cfzipCOtsz7b4LNCyNckD\nEQeqfOdCjZyiYeq5MU98WK80ZfbMe15YW9JsbDL9wAcROKOVSsxLGstGYGjBbAbH\nSXPcV5okqlBpW6fwxQpV7CKvOLTuD5gJkHOdkZlYcPplAqjJQ+JjqIvXQfJWOwN6\nGdQurv7ra+fcW82xU8NFk1w6cEFYEftuakJKPzH/ZqwAzvgJjXyUl0UvhMxoSXMR\n1la5AoIBABGagIU8LxvMeV7IYh1BfjEe6km/m2s7NY+dNwkiWRDJBJXd55Wv5PZZ\nnVNqfopTqkzuNLCGy0ukGD5X25yEfB3Z0k8CHz9fuJJoY1K7r9y/y5ibhCl5XCJD\nzF2Aa2h0l1lqSyzaWNoWKUHUQQTvUjLlwfISe4IDPGKwOvF/b+hOs3JtwffD4ArZ\nCd3QFVpSxQbyIRloeCP2WXeKKBS35YIEFmg9tP59Y5MCwSqFrAflhZHg76kea9zL\nspw7nl/H0bYHgYJRyQs7fiqzCZBFtUfnLZ+XBxfmAHXn/t1cG6+QJd9lkXXxnHCf\nTwqok6mAAWJtHRBQKIzoLbpwiCE9ggECggEBAJs/z3ukbR1iZbgsqn46XTLtfQsu\ndBCEZDRDP0PJxbwLS2WNmu2UHxd7TqdG+L5pUvTpcBl6kl48pTOSGT5ifY7rm47w\nup3z4psCkDEcCsLwDWWOnMMFrDhKezE3wSQyYMbsU3b0MXLjD4mV6juvdwZjILpi\nHzvavTLcJ7fjoe0FYYzw3nDogJNF3eqR/o8ip6lzxLW8v1Hyl4cIZ08eXoXn8CQs\n/KOfBntVy+b9dfztM58YTiWkLdNzCEPcA+dh37PylSQwfCSKqhdL3ljSdCkioiYs\n3Znvvezq5YuEN7FVqFFrdnzysFVtcgA+blYxCK30vxeBQ9hKrZUNVH0mzxY=\n-----END RSA PRIVATE KEY-----\n",
            "content_base64": null,
            "content_base64sha256": "uWvhZ8c+4hnedwz0VQnxJ9Fb2YMiGIqANFqOD0ZFkzg=",
            "content_base64sha512": "nOgTJwhKxMMxKkGJk7vXDLI6SKnCj1Kpn1FU3n77bIfZNEI8N8xeXlrzYp+ByrURug8Lpl8FjGEKALIQFF7NgA==",
            "content_md5": "0c8301ec1fb2d367e5b14dd96f929d5e",
            "content_sha1": "314a7ce03459e7d944d66135d34cf6d76355344d",
            "content_sha256": "b96be167c73ee219de770cf45509f127d15bd98322188a80345a8e0f46459338",
            "content_sha512": "9ce81327084ac4c3312a418993bbd70cb23a48a9c28f52a99f5154de7efb6c87d934423c37cc5e5e5af3629f81cab511ba0f0ba65f058c610a00b210145ecd80",
            "directory_permission": "0777",
            "file_permission": "0777",
            "filename": "./terra-keypair.pem",
            "id": "314a7ce03459e7d944d66135d34cf6d76355344d",
            "sensitive_content": null,
            "source": null
          },
          "sensitive_attributes": [
            [
              {
                "type": "get_attr",
                "value": "content"
              }
            ]
          ],
          "dependencies": [
            "tls_private_key.pri-terra-key"
          ]
        }
      ]
    },
    {
      "mode": "managed",
      "type": "tls_private_key",
      "name": "pri-terra-key",
      "provider": "provider[\"registry.opentofu.org/hashicorp/tls\"]",
      "instances": [
        {
          "schema_version": 1,
          "attributes": {
            "algorithm": "RSA",
            "ecdsa_curve": "P224",
            "id": "a34ad77c25fe2b079e2b8c0e2f2b42ca780643b5",
            "private_key_openssh": "-----BEGIN OPENSSH PRIVATE KEY-----\nb3BlbnNzaC1rZXktdjEAAAAABG5vbmUAAAAEbm9uZQAAAAAAAAABAAACFwAAAAdz\nc2gtcnNhAAAAAwEAAQAAAgEAxxpPgiSU7AcLvbKuxVB9fSOP0ngsrHP5WOrcpn4G\npY2L150ZG83TMz7sgfxHFj+67tx/NVLX/3tw8XgKnITaUO6UoAMW14jpgw0DHVeC\nyH9xxpYFDgzNW60ZxI2y0Hqb9xKwzth4nQo/SqS0BGbvFrH7jdUHu2IVg++OQmvv\nt0OlFYIqxVcwlug3WDySMuHxEYGnj3jRrfSaaQsOFxXfGN/JYRt6GehGmgK6WJ8O\nmIXCQZe8AJJkrC+pDYwkE6hnJBHJSZZKa62ZGh3N7Tqu72EfDgtbdKUtUEZlJnOc\nBmKGdmtSZg4SlcHdYtXs4D2y/A6AA9WO1JuwbC98/xLF9/PsyTcX1ppmnbf1c0wD\nvHDaam6igB+Zcuf+Cbnrr8BMWgU4Zb2tw0fyrfgvS8z793a1dQ0dqxKHftSxyiup\nrnNzfFX+dOI+VBddvL4UJMMReN/G8MG0fzbjlKNrP4OdjpI7l3Ns2Ree4tCORGhE\nW3CDK+F1MyZUVbVzIxi2ULWPsdJbmrz+2a5fKtNK0Knhli/QGj7rKYExG9F450co\n6fCwNVJ9D5uOpqXp8yJ9YcBL5I/ylESbqzmHInkq4WF0RyagwkdT11CoRQ619LxB\nrUskVSqriO6i71VMzXLsubTNGCPKG+YMhvOAKhWMtWIRCY/Ksom22VCIn6wQTTZw\nc4kAAAc4lEcQwZRHEMEAAAAHc3NoLXJzYQAAAgEAxxpPgiSU7AcLvbKuxVB9fSOP\n0ngsrHP5WOrcpn4GpY2L150ZG83TMz7sgfxHFj+67tx/NVLX/3tw8XgKnITaUO6U\noAMW14jpgw0DHVeCyH9xxpYFDgzNW60ZxI2y0Hqb9xKwzth4nQo/SqS0BGbvFrH7\njdUHu2IVg++OQmvvt0OlFYIqxVcwlug3WDySMuHxEYGnj3jRrfSaaQsOFxXfGN/J\nYRt6GehGmgK6WJ8OmIXCQZe8AJJkrC+pDYwkE6hnJBHJSZZKa62ZGh3N7Tqu72Ef\nDgtbdKUtUEZlJnOcBmKGdmtSZg4SlcHdYtXs4D2y/A6AA9WO1JuwbC98/xLF9/Ps\nyTcX1ppmnbf1c0wDvHDaam6igB+Zcuf+Cbnrr8BMWgU4Zb2tw0fyrfgvS8z793a1\ndQ0dqxKHftSxyiuprnNzfFX+dOI+VBddvL4UJMMReN/G8MG0fzbjlKNrP4OdjpI7\nl3Ns2Ree4tCORGhEW3CDK+F1MyZUVbVzIxi2ULWPsdJbmrz+2a5fKtNK0Knhli/Q\nGj7rKYExG9F450co6fCwNVJ9D5uOpqXp8yJ9YcBL5I/ylESbqzmHInkq4WF0Ryag\nwkdT11CoRQ619LxBrUskVSqriO6i71VMzXLsubTNGCPKG+YMhvOAKhWMtWIRCY/K\nsom22VCIn6wQTTZwc4kAAAADAQABAAACAEaCac/T9q1TnXPTmJMl+xrbAi7uAhwc\nghxcKEIJ9X6hjvmPl/nBvV6zlPw/hEk7zo6SpbYTnYzLgWbyNQfTAKGSrC2yil9Q\nDCot7IFyoU0x3PAP5sBgBkXGGo8CA2ZTVXJ9OwI1pRkwLNPZWisI7PjjlQtYewGA\nLdBogL/DC8Sh/w+L5mu2ge2fVSI5aSj93OpvORDVH6R0ME6s7JN+WmCrt9xc57PP\nD1mxR57kzT10eSPTgW/OaDqWMk8q5wfTJpuedONLhxV1B/g4v9mYY6VAhsfpe7zm\nVhLMqzufy4xzTd0YCrk7mJdSbX139wg+sWkUFX/GHGvsquDVPHX0hwi07lmKRWgv\nu375exk+krDHKFXyMMa6cU3jqWceJ+InuJey0zUQU3N2qcHSqPkYB8qBuzLMWQf5\nOohltdoM11vHObYIVHTqi09S/4zTvs3Qp/LltEn/w3pRAQXdbK6xyS2/iBxC42Ph\n9Nqc0Pe2R6B2t7MAH/PiJubwd7zHZulOb4C/ReGk1aMUOrRcFNLFgPu57+C8il21\ndHLvG9/2xDIuVqPoIfqJbksRhV6BygRhOBHWkVaCtLPzKJOjCP8BfdPDnR9YltEm\nhQDz2UwPs74TLO+IZ9xlUgCB6Lw7m0+GwH+7zqveD1ZwXgSQdCDP2z2NSo91d7yW\neryGMyDTz0YBAAABAQCbP897pG0dYmW4LKp+Ol0y7X0LLnQQhGQ0Qz9DycW8C0tl\njZrtlB8Xe06nRvi+aVL06XAZepJePKUzkhk+Yn2O65uO8Lqd8+KbApAxHArC8A1l\njpzDBaw4SnsxN8EkMmDG7FN29DFy4w+Jleo7r3cGYyC6Yh872r0y3Ce346HtBWGM\n8N5w6ICTRd3qkf6PIqepc8S1vL9R8peHCGdPHl6F5/AkLPyjnwZ7Vcvm/XX87TOf\nGE4lpC3TcwhD3APnYd+z8pUkMHwkiqoXS95Y0nQpIqImLN2Z773s6uWLhDexVahR\na3Z88rBVbXIAPm5WMQit9L8XgUPYSq2VDVR9Js8WAAABAQDPeMvzo6bpzlIENrk4\nPqlJzZOcfJ/WtujZFBypUXw5bkr4alM4pY083kIjFvymgk/pYrRYfohEVL3/Z0sl\nQ25AEKr02/BoncS2cXBxx1OIWFIz/7Fa+OCsjR+wIfH+8FapjiNuV0FmHcfL8Mhp\nYmYsl8l0sxEWQis7TfB+hTU6sG4NJV3ElZFRMuLT8OZBVopCT1EgtCXg83332xxm\nD0XIx7T5s8ZiEe/gY9N4YWyiBwmGnMIh/d/aghOVxR5kCaiVZQdlx4jmZCx/YE/b\naOb+DaVQWiCqRXYbFMZSPTDw0wghreGQvmSd/JHUZVawuExvNhj3ExYdQf7T7u26\nnVTJAAABAQD1rGGs9VV6TshazsSPPh3MYXCN10lsFPoMXNGuhZJFBRcNp8QDBkAD\naU3nIbAEezynD1o09b3X2BbPmL9B29ZCnQKpdFkMl1RJUd23jQHEq2mP3q3YnU6y\nzcWhn6sBTu0jajn09kfDwyBFpJIp4rummAhG5GSNO6kZi900drM6zL41RZUEPlqk\neX9IgGQAcVrOPJ9gB+87qmGTKyegDaQVdObw9dGQe/gr9OOBBuYi+VH1BAJK6EkB\nuHHSjCKjcehVG+LhNyJKYxMXLgZJOk5e4VZIphaelnrC9/lQaEnnWbM4AqnXLC16\nURlm5wzCtSUz0N8mqbI2HjxTo676o0jBAAAAAAEC\n-----END OPENSSH PRIVATE KEY-----\n",
            "private_key_pem": "-----BEGIN RSA PRIVATE KEY-----\nMIIJKAIBAAKCAgEAxxpPgiSU7AcLvbKuxVB9fSOP0ngsrHP5WOrcpn4GpY2L150Z\nG83TMz7sgfxHFj+67tx/NVLX/3tw8XgKnITaUO6UoAMW14jpgw0DHVeCyH9xxpYF\nDgzNW60ZxI2y0Hqb9xKwzth4nQo/SqS0BGbvFrH7jdUHu2IVg++OQmvvt0OlFYIq\nxVcwlug3WDySMuHxEYGnj3jRrfSaaQsOFxXfGN/JYRt6GehGmgK6WJ8OmIXCQZe8\nAJJkrC+pDYwkE6hnJBHJSZZKa62ZGh3N7Tqu72EfDgtbdKUtUEZlJnOcBmKGdmtS\nZg4SlcHdYtXs4D2y/A6AA9WO1JuwbC98/xLF9/PsyTcX1ppmnbf1c0wDvHDaam6i\ngB+Zcuf+Cbnrr8BMWgU4Zb2tw0fyrfgvS8z793a1dQ0dqxKHftSxyiuprnNzfFX+\ndOI+VBddvL4UJMMReN/G8MG0fzbjlKNrP4OdjpI7l3Ns2Ree4tCORGhEW3CDK+F1\nMyZUVbVzIxi2ULWPsdJbmrz+2a5fKtNK0Knhli/QGj7rKYExG9F450co6fCwNVJ9\nD5uOpqXp8yJ9YcBL5I/ylESbqzmHInkq4WF0RyagwkdT11CoRQ619LxBrUskVSqr\niO6i71VMzXLsubTNGCPKG+YMhvOAKhWMtWIRCY/Ksom22VCIn6wQTTZwc4kCAwEA\nAQKCAgBGgmnP0/atU51z05iTJfsa2wIu7gIcHIIcXChCCfV+oY75j5f5wb1es5T8\nP4RJO86OkqW2E52My4Fm8jUH0wChkqwtsopfUAwqLeyBcqFNMdzwD+bAYAZFxhqP\nAgNmU1VyfTsCNaUZMCzT2VorCOz445ULWHsBgC3QaIC/wwvEof8Pi+ZrtoHtn1Ui\nOWko/dzqbzkQ1R+kdDBOrOyTflpgq7fcXOezzw9ZsUee5M09dHkj04Fvzmg6ljJP\nKucH0yabnnTjS4cVdQf4OL/ZmGOlQIbH6Xu85lYSzKs7n8uMc03dGAq5O5iXUm19\nd/cIPrFpFBV/xhxr7Krg1Tx19IcItO5ZikVoL7t++XsZPpKwxyhV8jDGunFN46ln\nHifiJ7iXstM1EFNzdqnB0qj5GAfKgbsyzFkH+TqIZbXaDNdbxzm2CFR06otPUv+M\n077N0Kfy5bRJ/8N6UQEF3Wyuscktv4gcQuNj4fTanND3tkegdrezAB/z4ibm8He8\nx2bpTm+Av0XhpNWjFDq0XBTSxYD7ue/gvIpdtXRy7xvf9sQyLlaj6CH6iW5LEYVe\ngcoEYTgR1pFWgrSz8yiTowj/AX3Tw50fWJbRJoUA89lMD7O+EyzviGfcZVIAgei8\nO5tPhsB/u86r3g9WcF4EkHQgz9s9jUqPdXe8lnq8hjMg089GAQKCAQEAz3jL86Om\n6c5SBDa5OD6pSc2TnHyf1rbo2RQcqVF8OW5K+GpTOKWNPN5CIxb8poJP6WK0WH6I\nRFS9/2dLJUNuQBCq9NvwaJ3EtnFwccdTiFhSM/+xWvjgrI0fsCHx/vBWqY4jbldB\nZh3Hy/DIaWJmLJfJdLMRFkIrO03wfoU1OrBuDSVdxJWRUTLi0/DmQVaKQk9RILQl\n4PN999scZg9FyMe0+bPGYhHv4GPTeGFsogcJhpzCIf3f2oITlcUeZAmolWUHZceI\n5mQsf2BP22jm/g2lUFogqkV2GxTGUj0w8NMIIa3hkL5knfyR1GVWsLhMbzYY9xMW\nHUH+0+7tup1UyQKCAQEA9axhrPVVek7IWs7Ejz4dzGFwjddJbBT6DFzRroWSRQUX\nDafEAwZAA2lN5yGwBHs8pw9aNPW919gWz5i/QdvWQp0CqXRZDJdUSVHdt40BxKtp\nj96t2J1Oss3FoZ+rAU7tI2o59PZHw8MgRaSSKeK7ppgIRuRkjTupGYvdNHazOsy+\nNUWVBD5apHl/SIBkAHFazjyfYAfvO6phkysnoA2kFXTm8PXRkHv4K/TjgQbmIvlR\n9QQCSuhJAbhx0owio3HoVRvi4TciSmMTFy4GSTpOXuFWSKYWnpZ6wvf5UGhJ51mz\nOAKp1ywtelEZZucMwrUlM9DfJqmyNh48U6Ou+qNIwQKCAQB6Uf71K2RqbsE+SMFV\nHuSSZckEtxlJ71dDPS9UyH0UIynCYnWkbT7jRyr5I0FcLnJM6GvpzNgsaUYHwe+1\nDZd/4BPa/50zIOlso18nRdzDA0eb7sGzIA7ezOmE386cfzipCOtsz7b4LNCyNckD\nEQeqfOdCjZyiYeq5MU98WK80ZfbMe15YW9JsbDL9wAcROKOVSsxLGstGYGjBbAbH\nSXPcV5okqlBpW6fwxQpV7CKvOLTuD5gJkHOdkZlYcPplAqjJQ+JjqIvXQfJWOwN6\nGdQurv7ra+fcW82xU8NFk1w6cEFYEftuakJKPzH/ZqwAzvgJjXyUl0UvhMxoSXMR\n1la5AoIBABGagIU8LxvMeV7IYh1BfjEe6km/m2s7NY+dNwkiWRDJBJXd55Wv5PZZ\nnVNqfopTqkzuNLCGy0ukGD5X25yEfB3Z0k8CHz9fuJJoY1K7r9y/y5ibhCl5XCJD\nzF2Aa2h0l1lqSyzaWNoWKUHUQQTvUjLlwfISe4IDPGKwOvF/b+hOs3JtwffD4ArZ\nCd3QFVpSxQbyIRloeCP2WXeKKBS35YIEFmg9tP59Y5MCwSqFrAflhZHg76kea9zL\nspw7nl/H0bYHgYJRyQs7fiqzCZBFtUfnLZ+XBxfmAHXn/t1cG6+QJd9lkXXxnHCf\nTwqok6mAAWJtHRBQKIzoLbpwiCE9ggECggEBAJs/z3ukbR1iZbgsqn46XTLtfQsu\ndBCEZDRDP0PJxbwLS2WNmu2UHxd7TqdG+L5pUvTpcBl6kl48pTOSGT5ifY7rm47w\nup3z4psCkDEcCsLwDWWOnMMFrDhKezE3wSQyYMbsU3b0MXLjD4mV6juvdwZjILpi\nHzvavTLcJ7fjoe0FYYzw3nDogJNF3eqR/o8ip6lzxLW8v1Hyl4cIZ08eXoXn8CQs\n/KOfBntVy+b9dfztM58YTiWkLdNzCEPcA+dh37PylSQwfCSKqhdL3ljSdCkioiYs\n3Znvvezq5YuEN7FVqFFrdnzysFVtcgA+blYxCK30vxeBQ9hKrZUNVH0mzxY=\n-----END RSA PRIVATE KEY-----\n",
            "private_key_pem_pkcs8": "-----BEGIN PRIVATE KEY-----\nMIIJQgIBADANBgkqhkiG9w0BAQEFAASCCSwwggkoAgEAAoICAQDHGk+CJJTsBwu9\nsq7FUH19I4/SeCysc/lY6tymfgaljYvXnRkbzdMzPuyB/EcWP7ru3H81Utf/e3Dx\neAqchNpQ7pSgAxbXiOmDDQMdV4LIf3HGlgUODM1brRnEjbLQepv3ErDO2HidCj9K\npLQEZu8WsfuN1Qe7YhWD745Ca++3Q6UVgirFVzCW6DdYPJIy4fERgaePeNGt9Jpp\nCw4XFd8Y38lhG3oZ6EaaArpYnw6YhcJBl7wAkmSsL6kNjCQTqGckEclJlkprrZka\nHc3tOq7vYR8OC1t0pS1QRmUmc5wGYoZ2a1JmDhKVwd1i1ezgPbL8DoAD1Y7Um7Bs\nL3z/EsX38+zJNxfWmmadt/VzTAO8cNpqbqKAH5ly5/4JueuvwExaBThlva3DR/Kt\n+C9LzPv3drV1DR2rEod+1LHKK6muc3N8Vf504j5UF128vhQkwxF438bwwbR/NuOU\no2s/g52OkjuXc2zZF57i0I5EaERbcIMr4XUzJlRVtXMjGLZQtY+x0luavP7Zrl8q\n00rQqeGWL9AaPuspgTEb0XjnRyjp8LA1Un0Pm46mpenzIn1hwEvkj/KURJurOYci\neSrhYXRHJqDCR1PXUKhFDrX0vEGtSyRVKquI7qLvVUzNcuy5tM0YI8ob5gyG84Aq\nFYy1YhEJj8qyibbZUIifrBBNNnBziQIDAQABAoICAEaCac/T9q1TnXPTmJMl+xrb\nAi7uAhwcghxcKEIJ9X6hjvmPl/nBvV6zlPw/hEk7zo6SpbYTnYzLgWbyNQfTAKGS\nrC2yil9QDCot7IFyoU0x3PAP5sBgBkXGGo8CA2ZTVXJ9OwI1pRkwLNPZWisI7Pjj\nlQtYewGALdBogL/DC8Sh/w+L5mu2ge2fVSI5aSj93OpvORDVH6R0ME6s7JN+WmCr\nt9xc57PPD1mxR57kzT10eSPTgW/OaDqWMk8q5wfTJpuedONLhxV1B/g4v9mYY6VA\nhsfpe7zmVhLMqzufy4xzTd0YCrk7mJdSbX139wg+sWkUFX/GHGvsquDVPHX0hwi0\n7lmKRWgvu375exk+krDHKFXyMMa6cU3jqWceJ+InuJey0zUQU3N2qcHSqPkYB8qB\nuzLMWQf5OohltdoM11vHObYIVHTqi09S/4zTvs3Qp/LltEn/w3pRAQXdbK6xyS2/\niBxC42Ph9Nqc0Pe2R6B2t7MAH/PiJubwd7zHZulOb4C/ReGk1aMUOrRcFNLFgPu5\n7+C8il21dHLvG9/2xDIuVqPoIfqJbksRhV6BygRhOBHWkVaCtLPzKJOjCP8BfdPD\nnR9YltEmhQDz2UwPs74TLO+IZ9xlUgCB6Lw7m0+GwH+7zqveD1ZwXgSQdCDP2z2N\nSo91d7yWeryGMyDTz0YBAoIBAQDPeMvzo6bpzlIENrk4PqlJzZOcfJ/WtujZFByp\nUXw5bkr4alM4pY083kIjFvymgk/pYrRYfohEVL3/Z0slQ25AEKr02/BoncS2cXBx\nx1OIWFIz/7Fa+OCsjR+wIfH+8FapjiNuV0FmHcfL8MhpYmYsl8l0sxEWQis7TfB+\nhTU6sG4NJV3ElZFRMuLT8OZBVopCT1EgtCXg83332xxmD0XIx7T5s8ZiEe/gY9N4\nYWyiBwmGnMIh/d/aghOVxR5kCaiVZQdlx4jmZCx/YE/baOb+DaVQWiCqRXYbFMZS\nPTDw0wghreGQvmSd/JHUZVawuExvNhj3ExYdQf7T7u26nVTJAoIBAQD1rGGs9VV6\nTshazsSPPh3MYXCN10lsFPoMXNGuhZJFBRcNp8QDBkADaU3nIbAEezynD1o09b3X\n2BbPmL9B29ZCnQKpdFkMl1RJUd23jQHEq2mP3q3YnU6yzcWhn6sBTu0jajn09kfD\nwyBFpJIp4rummAhG5GSNO6kZi900drM6zL41RZUEPlqkeX9IgGQAcVrOPJ9gB+87\nqmGTKyegDaQVdObw9dGQe/gr9OOBBuYi+VH1BAJK6EkBuHHSjCKjcehVG+LhNyJK\nYxMXLgZJOk5e4VZIphaelnrC9/lQaEnnWbM4AqnXLC16URlm5wzCtSUz0N8mqbI2\nHjxTo676o0jBAoIBAHpR/vUrZGpuwT5IwVUe5JJlyQS3GUnvV0M9L1TIfRQjKcJi\ndaRtPuNHKvkjQVwuckzoa+nM2CxpRgfB77UNl3/gE9r/nTMg6WyjXydF3MMDR5vu\nwbMgDt7M6YTfzpx/OKkI62zPtvgs0LI1yQMRB6p850KNnKJh6rkxT3xYrzRl9sx7\nXlhb0mxsMv3ABxE4o5VKzEsay0ZgaMFsBsdJc9xXmiSqUGlbp/DFClXsIq84tO4P\nmAmQc52RmVhw+mUCqMlD4mOoi9dB8lY7A3oZ1C6u/utr59xbzbFTw0WTXDpwQVgR\n+25qQko/Mf9mrADO+AmNfJSXRS+EzGhJcxHWVrkCggEAEZqAhTwvG8x5XshiHUF+\nMR7qSb+bazs1j503CSJZEMkEld3nla/k9lmdU2p+ilOqTO40sIbLS6QYPlfbnIR8\nHdnSTwIfP1+4kmhjUruv3L/LmJuEKXlcIkPMXYBraHSXWWpLLNpY2hYpQdRBBO9S\nMuXB8hJ7ggM8YrA68X9v6E6zcm3B98PgCtkJ3dAVWlLFBvIhGWh4I/ZZd4ooFLfl\nggQWaD20/n1jkwLBKoWsB+WFkeDvqR5r3MuynDueX8fRtgeBglHJCzt+KrMJkEW1\nR+ctn5cHF+YAdef+3Vwbr5Al32WRdfGccJ9PCqiTqYABYm0dEFAojOgtunCIIT2C\nAQKCAQEAmz/Pe6RtHWJluCyqfjpdMu19Cy50EIRkNEM/Q8nFvAtLZY2a7ZQfF3tO\np0b4vmlS9OlwGXqSXjylM5IZPmJ9juubjvC6nfPimwKQMRwKwvANZY6cwwWsOEp7\nMTfBJDJgxuxTdvQxcuMPiZXqO693BmMgumIfO9q9Mtwnt+Oh7QVhjPDecOiAk0Xd\n6pH+jyKnqXPEtby/UfKXhwhnTx5ehefwJCz8o58Ge1XL5v11/O0znxhOJaQt03MI\nQ9wD52Hfs/KVJDB8JIqqF0veWNJ0KSKiJizdme+97Orli4Q3sVWoUWt2fPKwVW1y\nAD5uVjEIrfS/F4FD2EqtlQ1UfSbPFg==\n-----END PRIVATE KEY-----\n",
            "public_key_fingerprint_md5": "12:f3:0f:74:0e:4c:e4:a2:8b:d5:79:c9:81:fa:55:07",
            "public_key_fingerprint_sha256": "SHA256:dRTXSJS/GzQUCNfaxTIbKkbhpdQudIIUg74yv/BKF8Q",
            "public_key_openssh": "ssh-rsa AAAAB3NzaC1yc2EAAAADAQABAAACAQDHGk+CJJTsBwu9sq7FUH19I4/SeCysc/lY6tymfgaljYvXnRkbzdMzPuyB/EcWP7ru3H81Utf/e3DxeAqchNpQ7pSgAxbXiOmDDQMdV4LIf3HGlgUODM1brRnEjbLQepv3ErDO2HidCj9KpLQEZu8WsfuN1Qe7YhWD745Ca++3Q6UVgirFVzCW6DdYPJIy4fERgaePeNGt9JppCw4XFd8Y38lhG3oZ6EaaArpYnw6YhcJBl7wAkmSsL6kNjCQTqGckEclJlkprrZkaHc3tOq7vYR8OC1t0pS1QRmUmc5wGYoZ2a1JmDhKVwd1i1ezgPbL8DoAD1Y7Um7BsL3z/EsX38+zJNxfWmmadt/VzTAO8cNpqbqKAH5ly5/4JueuvwExaBThlva3DR/Kt+C9LzPv3drV1DR2rEod+1LHKK6muc3N8Vf504j5UF128vhQkwxF438bwwbR/NuOUo2s/g52OkjuXc2zZF57i0I5EaERbcIMr4XUzJlRVtXMjGLZQtY+x0luavP7Zrl8q00rQqeGWL9AaPuspgTEb0XjnRyjp8LA1Un0Pm46mpenzIn1hwEvkj/KURJurOYcieSrhYXRHJqDCR1PXUKhFDrX0vEGtSyRVKquI7qLvVUzNcuy5tM0YI8ob5gyG84AqFYy1YhEJj8qyibbZUIifrBBNNnBziQ==\n",
            "public_key_pem": "-----BEGIN PUBLIC KEY-----\nMIICIjANBgkqhkiG9w0BAQEFAAOCAg8AMIICCgKCAgEAxxpPgiSU7AcLvbKuxVB9\nfSOP0ngsrHP5WOrcpn4GpY2L150ZG83TMz7sgfxHFj+67tx/NVLX/3tw8XgKnITa\nUO6UoAMW14jpgw0DHVeCyH9xxpYFDgzNW60ZxI2y0Hqb9xKwzth4nQo/SqS0BGbv\nFrH7jdUHu2IVg++OQmvvt0OlFYIqxVcwlug3WDySMuHxEYGnj3jRrfSaaQsOFxXf\nGN/JYRt6GehGmgK6WJ8OmIXCQZe8AJJkrC+pDYwkE6hnJBHJSZZKa62ZGh3N7Tqu\n72EfDgtbdKUtUEZlJnOcBmKGdmtSZg4SlcHdYtXs4D2y/A6AA9WO1JuwbC98/xLF\n9/PsyTcX1ppmnbf1c0wDvHDaam6igB+Zcuf+Cbnrr8BMWgU4Zb2tw0fyrfgvS8z7\n93a1dQ0dqxKHftSxyiuprnNzfFX+dOI+VBddvL4UJMMReN/G8MG0fzbjlKNrP4Od\njpI7l3Ns2Ree4tCORGhEW3CDK+F1MyZUVbVzIxi2ULWPsdJbmrz+2a5fKtNK0Knh\nli/QGj7rKYExG9F450co6fCwNVJ9D5uOpqXp8yJ9YcBL5I/ylESbqzmHInkq4WF0\nRyagwkdT11CoRQ619LxBrUskVSqriO6i71VMzXLsubTNGCPKG+YMhvOAKhWMtWIR\nCY/Ksom22VCIn6wQTTZwc4kCAwEAAQ==\n-----END PUBLIC KEY-----\n",
            "rsa_bits": 4096
          },
          "sensitive_attributes": []
        }
      ]
    }
  ],
  "check_results": null
}
